
Microsoft Visual Studio Solution File, Format Version 12.00
# Visual Studio Version 16
VisualStudioVersion = 16.0.32602.291
MinimumVisualStudioVersion = 10.0.40219.1
Project("{9A19103F-16F7-4668-BE54-9A1E7A4F7556}") = "BReview.Web", "BReview\BReview.Web.csproj", "{E972E760-5DC5-4B21-98DE-43417FE120AC}"
EndProject
Project("{2150E333-8FDC-42A3-9474-1A3956D46DE8}") = "src", "src", "{45C40BF4-1EB1-4385-AD83-4A97404E780D}"
EndProject
Project("{2150E333-8FDC-42A3-9474-1A3956D46DE8}") = "test", "test", "{14905DD9-41DF-4B1F-B3FF-FC23FDEA522A}"
EndProject
Project("{FAE04EC0-301F-11D3-BF4B-00C04F79EFBC}") = "BReview.Test", "BReview.Test\BReview.Test.csproj", "{FF5F7D49-9645-464E-BD90-F3A40F52A849}"
EndProject
Project("{FAE04EC0-301F-11D3-BF4B-00C04F79EFBC}") = "BReview.Application", "BReview.Application\BReview.Application.csproj", "{D8F62992-6CBF-47E9-8D7C-60E85E5D977E}"
EndProject
Project("{FAE04EC0-301F-11D3-BF4B-00C04F79EFBC}") = "BReview.Application.Shared", "BReview.Application.Shared\BReview.Application.Shared.csproj", "{FD44996E-BC65-4969-99AA-88E9F2A65301}"
EndProject
Project("{FAE04EC0-301F-11D3-BF4B-00C04F79EFBC}") = "BReview.Core", "BReview.Core\BReview.Core.csproj", "{D6EBB79B-FDF7-4E20-8BAE-B47CDCF2A108}"
EndProject
Project("{FAE04EC0-301F-11D3-BF4B-00C04F79EFBC}") = "BReview.EntityFramework", "BReview.EntityFramework\BReview.EntityFramework.csproj", "{778E0721-5033-4F8B-A981-A5D07F6DCFDE}"
EndProject
Project("{FAE04EC0-301F-11D3-BF4B-00C04F79EFBC}") = "BReview.Core.Shared", "BReview.Core.Shared\BReview.Core.Shared.csproj", "{554FA833-C3E0-4AD3-875F-5DEE338102F1}"
EndProject
Global
	GlobalSection(SolutionConfigurationPlatforms) = preSolution
		Debug|Any CPU = Debug|Any CPU
		Release|Any CPU = Release|Any CPU
	EndGlobalSection
	GlobalSection(ProjectConfigurationPlatforms) = postSolution
		{E972E760-5DC5-4B21-98DE-43417FE120AC}.Debug|Any CPU.ActiveCfg = Debug|Any CPU
		{E972E760-5DC5-4B21-98DE-43417FE120AC}.Debug|Any CPU.Build.0 = Debug|Any CPU
		{E972E760-5DC5-4B21-98DE-43417FE120AC}.Release|Any CPU.ActiveCfg = Release|Any CPU
		{E972E760-5DC5-4B21-98DE-43417FE120AC}.Release|Any CPU.Build.0 = Release|Any CPU
		{FF5F7D49-9645-464E-BD90-F3A40F52A849}.Debug|Any CPU.ActiveCfg = Debug|Any CPU
		{FF5F7D49-9645-464E-BD90-F3A40F52A849}.Debug|Any CPU.Build.0 = Debug|Any CPU
		{FF5F7D49-9645-464E-BD90-F3A40F52A849}.Release|Any CPU.ActiveCfg = Release|Any CPU
		{FF5F7D49-9645-464E-BD90-F3A40F52A849}.Release|Any CPU.Build.0 = Release|Any CPU
		{D8F62992-6CBF-47E9-8D7C-60E85E5D977E}.Debug|Any CPU.ActiveCfg = Debug|Any CPU
		{D8F62992-6CBF-47E9-8D7C-60E85E5D977E}.Debug|Any CPU.Build.0 = Debug|Any CPU
		{D8F62992-6CBF-47E9-8D7C-60E85E5D977E}.Release|Any CPU.ActiveCfg = Release|Any CPU
		{D8F62992-6CBF-47E9-8D7C-60E85E5D977E}.Release|Any CPU.Build.0 = Release|Any CPU
		{FD44996E-BC65-4969-99AA-88E9F2A65301}.Debug|Any CPU.ActiveCfg = Debug|Any CPU
		{FD44996E-BC65-4969-99AA-88E9F2A65301}.Debug|Any CPU.Build.0 = Debug|Any CPU
		{FD44996E-BC65-4969-99AA-88E9F2A65301}.Release|Any CPU.ActiveCfg = Release|Any CPU
		{FD44996E-BC65-4969-99AA-88E9F2A65301}.Release|Any CPU.Build.0 = Release|Any CPU
		{D6EBB79B-FDF7-4E20-8BAE-B47CDCF2A108}.Debug|Any CPU.ActiveCfg = Debug|Any CPU
		{D6EBB79B-FDF7-4E20-8BAE-B47CDCF2A108}.Debug|Any CPU.Build.0 = Debug|Any CPU
		{D6EBB79B-FDF7-4E20-8BAE-B47CDCF2A108}.Release|Any CPU.ActiveCfg = Release|Any CPU
		{D6EBB79B-FDF7-4E20-8BAE-B47CDCF2A108}.Release|Any CPU.Build.0 = Release|Any CPU
		{778E0721-5033-4F8B-A981-A5D07F6DCFDE}.Debug|Any CPU.ActiveCfg = Debug|Any CPU
		{778E0721-5033-4F8B-A981-A5D07F6DCFDE}.Debug|Any CPU.Build.0 = Debug|Any CPU
		{778E0721-5033-4F8B-A981-A5D07F6DCFDE}.Release|Any CPU.ActiveCfg = Release|Any CPU
		{778E0721-5033-4F8B-A981-A5D07F6DCFDE}.Release|Any CPU.Build.0 = Release|Any CPU
		{554FA833-C3E0-4AD3-875F-5DEE338102F1}.Debug|Any CPU.ActiveCfg = Debug|Any CPU
		{554FA833-C3E0-4AD3-875F-5DEE338102F1}.Debug|Any CPU.Build.0 = Debug|Any CPU
		{554FA833-C3E0-4AD3-875F-5DEE338102F1}.Release|Any CPU.ActiveCfg = Release|Any CPU
		{554FA833-C3E0-4AD3-875F-5DEE338102F1}.Release|Any CPU.Build.0 = Release|Any CPU
	EndGlobalSection
	GlobalSection(SolutionProperties) = preSolution
		HideSolutionNode = FALSE
	EndGlobalSection
	GlobalSection(NestedProjects) = preSolution
		{E972E760-5DC5-4B21-98DE-43417FE120AC} = {45C40BF4-1EB1-4385-AD83-4A97404E780D}
		{FF5F7D49-9645-464E-BD90-F3A40F52A849} = {14905DD9-41DF-4B1F-B3FF-FC23FDEA522A}
		{D8F62992-6CBF-47E9-8D7C-60E85E5D977E} = {45C40BF4-1EB1-4385-AD83-4A97404E780D}
		{FD44996E-BC65-4969-99AA-88E9F2A65301} = {45C40BF4-1EB1-4385-AD83-4A97404E780D}
		{D6EBB79B-FDF7-4E20-8BAE-B47CDCF2A108} = {45C40BF4-1EB1-4385-AD83-4A97404E780D}
		{778E0721-5033-4F8B-A981-A5D07F6DCFDE} = {45C40BF4-1EB1-4385-AD83-4A97404E780D}
		{554FA833-C3E0-4AD3-875F-5DEE338102F1} = {45C40BF4-1EB1-4385-AD83-4A97404E780D}
	EndGlobalSection
	GlobalSection(ExtensibilityGlobals) = postSolution
		SolutionGuid = {90643AE1-CEE3-46C6-88E0-B9C6F199F93E}
	EndGlobalSection
EndGlobal
